# This file is automatically @generated by Poetry 2.1.2 and should not be changed by hand.

[[package]]
name = "ruff"
version = "0.11.8"
description = "An extremely fast Python linter and code formatter, written in Rust."
optional = false
python-versions = ">=3.7"
groups = ["dev"]
files = [
    {file = "ruff-0.11.8-py3-none-linux_armv6l.whl", hash = "sha256:896a37516c594805e34020c4a7546c8f8a234b679a7716a3f08197f38913e1a3"},
    {file = "ruff-0.11.8-py3-none-macosx_10_12_x86_64.whl", hash = "sha256:ab86d22d3d721a40dd3ecbb5e86ab03b2e053bc93c700dc68d1c3346b36ce835"},
    {file = "ruff-0.11.8-py3-none-macosx_11_0_arm64.whl", hash = "sha256:258f3585057508d317610e8a412788cf726efeefa2fec4dba4001d9e6f90d46c"},
    {file = "ruff-0.11.8-py3-none-manylinux_2_17_aarch64.manylinux2014_aarch64.whl", hash = "sha256:727d01702f7c30baed3fc3a34901a640001a2828c793525043c29f7614994a8c"},
    {file = "ruff-0.11.8-py3-none-manylinux_2_17_armv7l.manylinux2014_armv7l.whl", hash = "sha256:3dca977cc4fc8f66e89900fa415ffe4dbc2e969da9d7a54bfca81a128c5ac219"},
    {file = "ruff-0.11.8-py3-none-manylinux_2_17_i686.manylinux2014_i686.whl", hash = "sha256:c657fa987d60b104d2be8b052d66da0a2a88f9bd1d66b2254333e84ea2720c7f"},
    {file = "ruff-0.11.8-py3-none-manylinux_2_17_ppc64.manylinux2014_ppc64.whl", hash = "sha256:f2e74b021d0de5eceb8bd32919f6ff8a9b40ee62ed97becd44993ae5b9949474"},
    {file = "ruff-0.11.8-py3-none-manylinux_2_17_ppc64le.manylinux2014_ppc64le.whl", hash = "sha256:f9b5ef39820abc0f2c62111f7045009e46b275f5b99d5e59dda113c39b7f4f38"},
    {file = "ruff-0.11.8-py3-none-manylinux_2_17_s390x.manylinux2014_s390x.whl", hash = "sha256:c1dba3135ca503727aa4648152c0fa67c3b1385d3dc81c75cd8a229c4b2a1458"},
    {file = "ruff-0.11.8-py3-none-manylinux_2_17_x86_64.manylinux2014_x86_64.whl", hash = "sha256:7f024d32e62faad0f76b2d6afd141b8c171515e4fb91ce9fd6464335c81244e5"},
    {file = "ruff-0.11.8-py3-none-musllinux_1_2_aarch64.whl", hash = "sha256:d365618d3ad747432e1ae50d61775b78c055fee5936d77fb4d92c6f559741948"},
    {file = "ruff-0.11.8-py3-none-musllinux_1_2_armv7l.whl", hash = "sha256:4d9aaa91035bdf612c8ee7266153bcf16005c7c7e2f5878406911c92a31633cb"},
    {file = "ruff-0.11.8-py3-none-musllinux_1_2_i686.whl", hash = "sha256:0eba551324733efc76116d9f3a0d52946bc2751f0cd30661564117d6fd60897c"},
    {file = "ruff-0.11.8-py3-none-musllinux_1_2_x86_64.whl", hash = "sha256:161eb4cff5cfefdb6c9b8b3671d09f7def2f960cee33481dd898caf2bcd02304"},
    {file = "ruff-0.11.8-py3-none-win32.whl", hash = "sha256:5b18caa297a786465cc511d7f8be19226acf9c0a1127e06e736cd4e1878c3ea2"},
    {file = "ruff-0.11.8-py3-none-win_amd64.whl", hash = "sha256:6e70d11043bef637c5617297bdedec9632af15d53ac1e1ba29c448da9341b0c4"},
    {file = "ruff-0.11.8-py3-none-win_arm64.whl", hash = "sha256:304432e4c4a792e3da85b7699feb3426a0908ab98bf29df22a31b0cdd098fac2"},
    {file = "ruff-0.11.8.tar.gz", hash = "sha256:6d742d10626f9004b781f4558154bb226620a7242080e11caeffab1a40e99df8"},
]

[[package]]
name = "zizmor"
version = "1.6.0"
description = "Static analysis for GitHub Actions"
optional = false
python-versions = ">=3.9"
groups = ["dev"]
files = [
    {file = "zizmor-1.6.0-py3-none-macosx_10_12_x86_64.whl", hash = "sha256:a50e3705adbfc76532b0beade03eea6959c23cb32d32f6e447df95606ed31776"},
    {file = "zizmor-1.6.0-py3-none-macosx_11_0_arm64.whl", hash = "sha256:b14cd65ec21ce4020f275a3cb392d5c25cefb92243bc211b8597fd6b2be0e17f"},
    {file = "zizmor-1.6.0-py3-none-manylinux_2_24_aarch64.whl", hash = "sha256:aa22ddebe102c7c9b2e803387bebd07f0224ddb6e6e406b3e4f12fb08a86fa13"},
    {file = "zizmor-1.6.0-py3-none-manylinux_2_28_armv7l.whl", hash = "sha256:f80e07421bed95b85d785b3a60ddd80b52a80f6b99a60e7c756e96d786027d45"},
    {file = "zizmor-1.6.0-py3-none-manylinux_2_28_x86_64.whl", hash = "sha256:a748f38249286ac53662b0b688feb459fc4c72d7b896f9e3cee6310d9bb0d457"},
    {file = "zizmor-1.6.0-py3-none-musllinux_1_2_aarch64.whl", hash = "sha256:175d62ddf9e70b4ed5918c31cc9b440c4d30d5f96e656ccb6e0020cbadb45c7d"},
    {file = "zizmor-1.6.0-py3-none-musllinux_1_2_armv7l.whl", hash = "sha256:261ae90831c3904c34114e2a08ac919d4f5fee3ad808fa033516864fa4c7b09b"},
    {file = "zizmor-1.6.0-py3-none-musllinux_1_2_x86_64.whl", hash = "sha256:741b2cf964080c8b62d68f088f9f0aecac3e06b1ab542ec432d17a1ba0e46176"},
    {file = "zizmor-1.6.0-py3-none-win32.whl", hash = "sha256:308b4efee543bfbc08494a0d941435657813757889161c56d67f7b86fb5b3a6d"},
    {file = "zizmor-1.6.0-py3-none-win_amd64.whl", hash = "sha256:321da31fd51b768f81c7fad7417fe960c09c1cff950e101e1b0c251fa679e58f"},
    {file = "zizmor-1.6.0.tar.gz", hash = "sha256:6ed19a6e10d8cb4377bafad4e1ef1ef1bbc87c7470c8379693ded4b1a9cc0ba3"},
]

[metadata]
lock-version = "2.1"
python-versions = ">=3.11"
content-hash = "7dc9eb8ff8ca064634c3460662ed875fe8b2b8e9e49e00f4b6397a2d481a0d97"
